
Microsoft Visual Studio Solution File, Format Version 11.00
# Visual Studio 2010
Project("{FAE04EC0-301F-11D3-BF4B-00C04F79EFBC}") = "Registration", "Registration\Registration.csproj", "{B4267FE3-B7EF-4C6B-B5EE-50B0DBB0E87B}"
EndProject
Global
	GlobalSection(SolutionConfigurationPlatforms) = preSolution
		Debug|Any CPU = Debug|Any CPU
		Release|Any CPU = Release|Any CPU
	EndGlobalSection
	GlobalSection(ProjectConfigurationPlatforms) = postSolution
		{B4267FE3-B7EF-4C6B-B5EE-50B0DBB0E87B}.Debug|Any CPU.ActiveCfg = Debug|Any CPU
		{B4267FE3-B7EF-4C6B-B5EE-50B0DBB0E87B}.Debug|Any CPU.Build.0 = Debug|Any CPU
		{B4267FE3-B7EF-4C6B-B5EE-50B0DBB0E87B}.Release|Any CPU.ActiveCfg = Release|Any CPU
		{B4267FE3-B7EF-4C6B-B5EE-50B0DBB0E87B}.Release|Any CPU.Build.0 = Release|Any CPU
	EndGlobalSection
	GlobalSection(SolutionProperties) = preSolution
		HideSolutionNode = FALSE
	EndGlobalSection
EndGlobal
