
Microsoft Visual Studio Solution File, Format Version 11.00
# Visual Studio 2010
Project("{FAE04EC0-301F-11D3-BF4B-00C04F79EFBC}") = "Untyped Views", "Untyped Views\Untyped Views.csproj", "{F135F776-5454-4CB5-BEC9-C37EE0B04FBD}"
EndProject
Global
	GlobalSection(SolutionConfigurationPlatforms) = preSolution
		Debug|Any CPU = Debug|Any CPU
		Release|Any CPU = Release|Any CPU
	EndGlobalSection
	GlobalSection(ProjectConfigurationPlatforms) = postSolution
		{F135F776-5454-4CB5-BEC9-C37EE0B04FBD}.Debug|Any CPU.ActiveCfg = Debug|Any CPU
		{F135F776-5454-4CB5-BEC9-C37EE0B04FBD}.Debug|Any CPU.Build.0 = Debug|Any CPU
		{F135F776-5454-4CB5-BEC9-C37EE0B04FBD}.Release|Any CPU.ActiveCfg = Release|Any CPU
		{F135F776-5454-4CB5-BEC9-C37EE0B04FBD}.Release|Any CPU.Build.0 = Release|Any CPU
	EndGlobalSection
	GlobalSection(SolutionProperties) = preSolution
		HideSolutionNode = FALSE
	EndGlobalSection
EndGlobal
